
Microsoft Visual Studio Solution File, Format Version 12.00
# Visual Studio Version 17
VisualStudioVersion = 17.12.35707.178
MinimumVisualStudioVersion = 10.0.40219.1
Project("{FAE04EC0-301F-11D3-BF4B-00C04F79EFBC}") = "PokemonAlbum", "PokemonAlbum\PokemonAlbum.csproj", "{93C46AA8-78D2-468B-930C-CCC78BFE9EEC}"
EndProject
Global
	GlobalSection(SolutionConfigurationPlatforms) = preSolution
		Debug|Any CPU = Debug|Any CPU
		Release|Any CPU = Release|Any CPU
	EndGlobalSection
	GlobalSection(ProjectConfigurationPlatforms) = postSolution
		{93C46AA8-78D2-468B-930C-CCC78BFE9EEC}.Debug|Any CPU.ActiveCfg = Debug|Any CPU
		{93C46AA8-78D2-468B-930C-CCC78BFE9EEC}.Debug|Any CPU.Build.0 = Debug|Any CPU
		{93C46AA8-78D2-468B-930C-CCC78BFE9EEC}.Release|Any CPU.ActiveCfg = Release|Any CPU
		{93C46AA8-78D2-468B-930C-CCC78BFE9EEC}.Release|Any CPU.Build.0 = Release|Any CPU
	EndGlobalSection
	GlobalSection(SolutionProperties) = preSolution
		HideSolutionNode = FALSE
	EndGlobalSection
EndGlobal
